// !$*UTF8*$!
{
	archiveVersion = 1;
	classes = {
	};
	objectVersion = 77;
	objects = {

/* Begin PBXBuildFile section */
		0CDA53E7244290C4458DE150 /* PantryWidgetBundle.swift in Sources */ = {isa = PBXBuildFile; fileRef = 71B06496D2DE199934C38F6F /* PantryWidgetBundle.swift */; };
		11306F37F1FE0D6654D1CA94 /* AppRoute.swift in Sources */ = {isa = PBXBuildFile; fileRef = D912A37386071C23F72EA49A /* AppRoute.swift */; };
		18D5EB9FB0B7F6F33075C874 /* APIClient.swift in Sources */ = {isa = PBXBuildFile; fileRef = 30877DBE1322A7E3DB0F599E /* APIClient.swift */; };
		19CE1734DBA0368ADF911906 /* DTOs.swift in Sources */ = {isa = PBXBuildFile; fileRef = 12ABB5F026041A3F9681810A /* DTOs.swift */; };
		21E2C38308B9D5661D658DDE /* OnboardingRoute.swift in Sources */ = {isa = PBXBuildFile; fileRef = 8751AE6FD58E5BF47AFF55A6 /* OnboardingRoute.swift */; };
		24C73EE48F7FC2B040BC6DE7 /* ShareSheet.swift in Sources */ = {isa = PBXBuildFile; fileRef = DAC9B7EC5D6A54F9457EF746 /* ShareSheet.swift */; };
		24FCE0FDBA4F021DCC04647C /* Typography.swift in Sources */ = {isa = PBXBuildFile; fileRef = E7F5DA9D69F6E6A359CFDA99 /* Typography.swift */; };
		264C61DBCF3DC163D101F10D /* ReviewView.swift in Sources */ = {isa = PBXBuildFile; fileRef = 3522B90F9A29BA14E3835491 /* ReviewView.swift */; };
		2769A9767499E1614A44B2E0 /* CachedOrder.swift in Sources */ = {isa = PBXBuildFile; fileRef = C7D11B5CCC58CCD670B3AE48 /* CachedOrder.swift */; };
		28AE907F40E275E52ECD785E /* Theme.swift in Sources */ = {isa = PBXBuildFile; fileRef = BF76B140855472DE441F7814 /* Theme.swift */; };
		295E4F14502408F4A56B770F /* DebugScreenHost.swift in Sources */ = {isa = PBXBuildFile; fileRef = 41A66E2C38DFCA9FCD105EE1 /* DebugScreenHost.swift */; };
		2970320D6383DEBD774DAEA9 /* AddressView.swift in Sources */ = {isa = PBXBuildFile; fileRef = BDFDA7063513AAD9EFC046DE /* AddressView.swift */; };
		2A3C0CCEB2FC3BF9CD87E512 /* Enso.swift in Sources */ = {isa = PBXBuildFile; fileRef = 5C3F09660E2E68872E1D4D7E /* Enso.swift */; };
		2BC998DD089216FE272ED94B /* AppState.swift in Sources */ = {isa = PBXBuildFile; fileRef = 5CD7463AA1097D504A62D03F /* AppState.swift */; };
		379B6FE46E2D27F2CE76A7DF /* BottomNavBar.swift in Sources */ = {isa = PBXBuildFile; fileRef = 7C997FCD040084F10CE25474 /* BottomNavBar.swift */; };
		3AD4538DA48502653EF702FA /* AuthorizeView.swift in Sources */ = {isa = PBXBuildFile; fileRef = 2F1FD9E5E1DFAC8328A83417 /* AuthorizeView.swift */; };
		3CD931E0DD366A1F8ACC5963 /* Buttons.swift in Sources */ = {isa = PBXBuildFile; fileRef = 156B907B8864A2A94FF7F170 /* Buttons.swift */; };
		3DC76ED1ECF75FF9867C0CC1 /* ApproveQtySheet.swift in Sources */ = {isa = PBXBuildFile; fileRef = 13534C086D4301F105DE6906 /* ApproveQtySheet.swift */; };
		40453FA29DDA23E5C3F0D98B /* LiveActivityViews.swift in Sources */ = {isa = PBXBuildFile; fileRef = 3FB4B385072AFE53242321BD /* LiveActivityViews.swift */; };
		4392C2680E146DC8D06F9126 /* PhoneView.swift in Sources */ = {isa = PBXBuildFile; fileRef = 099C62359B10A80A6CF2E72D /* PhoneView.swift */; };
		43F18BB383F72C5117DCDB7B /* ViewModifiers.swift in Sources */ = {isa = PBXBuildFile; fileRef = 998BE009D9FF60DCBE2EF519 /* ViewModifiers.swift */; };
		4B5C8449C167F5BE4875B02E /* SealMark.swift in Sources */ = {isa = PBXBuildFile; fileRef = 3C1EEA7DFE1C833E2AF16C96 /* SealMark.swift */; };
		4EBCDCD28DCC5822005A4406 /* NotificationService.swift in Sources */ = {isa = PBXBuildFile; fileRef = 699AB133ED912BFB16FBD307 /* NotificationService.swift */; };
		55DDB1540A39C1F39007A4DC /* ApproveMatchSheet.swift in Sources */ = {isa = PBXBuildFile; fileRef = 2C84817AFC5434D1B6741DF8 /* ApproveMatchSheet.swift */; };
		561448C3D4BAB2903BC2D4C2 /* PlacedView.swift in Sources */ = {isa = PBXBuildFile; fileRef = DF4AD7DB888BB762FF08F13F /* PlacedView.swift */; };
		5EF13BA66FC85E536B0AE110 /* MatchingView.swift in Sources */ = {isa = PBXBuildFile; fileRef = 282526EB841554BB19F8EE69 /* MatchingView.swift */; };
		6665D094D8D2C53A212F481F /* ComingSoonView.swift in Sources */ = {isa = PBXBuildFile; fileRef = 4C8223DF45EA77BA64DB3782 /* ComingSoonView.swift */; };
		6C411E3E759C7559AC3F20F0 /* SealMark.swift in Sources */ = {isa = PBXBuildFile; fileRef = 3C1EEA7DFE1C833E2AF16C96 /* SealMark.swift */; };
		76494278106DB0D1D9E7DE3D /* HomeView.swift in Sources */ = {isa = PBXBuildFile; fileRef = 98AC00CD545B5D8E00E85AAB /* HomeView.swift */; };
		79269DF8ACEBB22E6C97C347 /* Enso.swift in Sources */ = {isa = PBXBuildFile; fileRef = 5C3F09660E2E68872E1D4D7E /* Enso.swift */; };
		798B71D31450132F8BD93B65 /* WelcomeView.swift in Sources */ = {isa = PBXBuildFile; fileRef = 22A73B4A8C19E3F0D6D40299 /* WelcomeView.swift */; };
		7C5F3855B8F2C11127BC8980 /* NameView.swift in Sources */ = {isa = PBXBuildFile; fileRef = 9C787F50739FDBFE9B47CBF3 /* NameView.swift */; };
		7D641A72B7E326E2C3D70DB8 /* ViewModifiers.swift in Sources */ = {isa = PBXBuildFile; fileRef = 998BE009D9FF60DCBE2EF519 /* ViewModifiers.swift */; };
		82990DEC5A9A3C39CA1053A5 /* ShareSheet.swift in Sources */ = {isa = PBXBuildFile; fileRef = DAC9B7EC5D6A54F9457EF746 /* ShareSheet.swift */; };
		89B3881D2D166663BA9D8C96 /* AppDelegate.swift in Sources */ = {isa = PBXBuildFile; fileRef = EB6A5E92D4F78ED875ACE158 /* AppDelegate.swift */; };
		8D3C9926218918B147C87157 /* Theme.swift in Sources */ = {isa = PBXBuildFile; fileRef = BF76B140855472DE441F7814 /* Theme.swift */; };
		988CA2BBCC64F981610CBC2D /* Extensions.swift in Sources */ = {isa = PBXBuildFile; fileRef = F601FFA8D1BFC78A972D63EA /* Extensions.swift */; };
		9B6D95098060DDBDCF1EC77C /* ProviderPickerView.swift in Sources */ = {isa = PBXBuildFile; fileRef = 11EE67FA6C4AAFEDC7025065 /* ProviderPickerView.swift */; };
		A68BC49B45E073D5DFF708AA /* Typography.swift in Sources */ = {isa = PBXBuildFile; fileRef = E7F5DA9D69F6E6A359CFDA99 /* Typography.swift */; };
		A8A0965EC48161C91018351E /* ScreenHeader.swift in Sources */ = {isa = PBXBuildFile; fileRef = 8C04434308336A608B904B49 /* ScreenHeader.swift */; };
		ACC07D41A314D02C448FEB51 /* LiveActivityService.swift in Sources */ = {isa = PBXBuildFile; fileRef = 24C0148E7B1F107251B2CC0D /* LiveActivityService.swift */; };
		AE07684106195F7AAC40E3A3 /* Buttons.swift in Sources */ = {isa = PBXBuildFile; fileRef = 156B907B8864A2A94FF7F170 /* Buttons.swift */; };
		AE268DE119B479EFA7568ECF /* BottomNavBar.swift in Sources */ = {isa = PBXBuildFile; fileRef = 7C997FCD040084F10CE25474 /* BottomNavBar.swift */; };
		B599800E19B25119931AA1AC /* ApprovalsCoordinatorView.swift in Sources */ = {isa = PBXBuildFile; fileRef = 0A6927DDE5C226C0A1AF178D /* ApprovalsCoordinatorView.swift */; };
		B78F1B18BFE7B0D54FE8A0FC /* PantryOrderActivityAttributes.swift in Sources */ = {isa = PBXBuildFile; fileRef = 0F636B1F637C79FBF0D9A0B5 /* PantryOrderActivityAttributes.swift */; };
		C3FB45F540728138C730D217 /* PantryWidgetExtension.appex in Embed Foundation Extensions */ = {isa = PBXBuildFile; fileRef = 2037A56DC858D0434BD576C1 /* PantryWidgetExtension.appex */; settings = {ATTRIBUTES = (RemoveHeadersOnCopy, ); }; };
		C45D2E6A597477310134BAE5 /* PantryOrderActivityAttributes.swift in Sources */ = {isa = PBXBuildFile; fileRef = 0F636B1F637C79FBF0D9A0B5 /* PantryOrderActivityAttributes.swift */; };
		CB1E485FCC6F0A0B3486D0EB /* OtpView.swift in Sources */ = {isa = PBXBuildFile; fileRef = BAA9DBCB912A286F9F0C50A4 /* OtpView.swift */; };
		D045E657463EFD49E14B112D /* JetBrainsMono.ttf in Resources */ = {isa = PBXBuildFile; fileRef = 7D3CA39F656387826888A05F /* JetBrainsMono.ttf */; };
		D17B43D3EDB33DDAB276B550 /* PasteView.swift in Sources */ = {isa = PBXBuildFile; fileRef = A9C2E3CE565DAC0675A28BBC /* PasteView.swift */; };
		D230DD367615972DFB6BD689 /* CheckoutView.swift in Sources */ = {isa = PBXBuildFile; fileRef = 72DD322D102A09B91FD43269 /* CheckoutView.swift */; };
		D96C7CF2E3D168E86FC26385 /* KeychainTokenStore.swift in Sources */ = {isa = PBXBuildFile; fileRef = 93FFA258341170DE0824752C /* KeychainTokenStore.swift */; };
		D9A131ED229DED15BC3688D8 /* JetBrainsMono.ttf in Resources */ = {isa = PBXBuildFile; fileRef = 7D3CA39F656387826888A05F /* JetBrainsMono.ttf */; };
		E288593D78D80148DF43D68F /* PantryApp.swift in Sources */ = {isa = PBXBuildFile; fileRef = 905F391990E9FA3E8E4CFCC5 /* PantryApp.swift */; };
		EF4CD38044603B7CA582DED0 /* ConnectedView.swift in Sources */ = {isa = PBXBuildFile; fileRef = C3BEF23AF51A337BB9C03FDC /* ConnectedView.swift */; };
		EF732B86941A424920EC5D4A /* MainShellView.swift in Sources */ = {isa = PBXBuildFile; fileRef = 60D69CB28A36BB94D8E02CA5 /* MainShellView.swift */; };
		EF9D45AAD5BD2A68DE0130C3 /* ShipporiMincho-Bold.ttf in Resources */ = {isa = PBXBuildFile; fileRef = 74983103A702E0441CB0E9BE /* ShipporiMincho-Bold.ttf */; };
		F6CCDBBC88E61EB4E3DD9AC1 /* TrackingView.swift in Sources */ = {isa = PBXBuildFile; fileRef = 259B027BA5307C2BD1DDA762 /* TrackingView.swift */; };
		F752BE318627AF6AEBF9B55A /* ShipporiMincho-Bold.ttf in Resources */ = {isa = PBXBuildFile; fileRef = 74983103A702E0441CB0E9BE /* ShipporiMincho-Bold.ttf */; };
		F7CC82B5C6F79B168EAD6D43 /* ScreenHeader.swift in Sources */ = {isa = PBXBuildFile; fileRef = 8C04434308336A608B904B49 /* ScreenHeader.swift */; };
		FE79B1BD2B82F9A3CF844223 /* RootView.swift in Sources */ = {isa = PBXBuildFile; fileRef = 0AB9FDC446082DDBF0BD04A5 /* RootView.swift */; };
/* End PBXBuildFile section */

/* Begin PBXContainerItemProxy section */
		8B1C99A3930D0DC79B7B045C /* PBXContainerItemProxy */ = {
			isa = PBXContainerItemProxy;
			containerPortal = 48EA39FB0CF9C32C2C053C88 /* Project object */;
			proxyType = 1;
			remoteGlobalIDString = BAA17278B0885BB3EDE48082;
			remoteInfo = PantryWidgetExtension;
		};
/* End PBXContainerItemProxy section */

/* Begin PBXCopyFilesBuildPhase section */
		267746870DEB425B8E2E7D44 /* Embed Foundation Extensions */ = {
			isa = PBXCopyFilesBuildPhase;
			buildActionMask = 2147483647;
			dstPath = "";
			dstSubfolderSpec = 13;
			files = (
				C3FB45F540728138C730D217 /* PantryWidgetExtension.appex in Embed Foundation Extensions */,
			);
			name = "Embed Foundation Extensions";
			runOnlyForDeploymentPostprocessing = 0;
		};
/* End PBXCopyFilesBuildPhase section */

/* Begin PBXFileReference section */
		099C62359B10A80A6CF2E72D /* PhoneView.swift */ = {isa = PBXFileReference; lastKnownFileType = sourcecode.swift; path = PhoneView.swift; sourceTree = "<group>"; };
		0A6927DDE5C226C0A1AF178D /* ApprovalsCoordinatorView.swift */ = {isa = PBXFileReference; lastKnownFileType = sourcecode.swift; path = ApprovalsCoordinatorView.swift; sourceTree = "<group>"; };
		0AB9FDC446082DDBF0BD04A5 /* RootView.swift */ = {isa = PBXFileReference; lastKnownFileType = sourcecode.swift; path = RootView.swift; sourceTree = "<group>"; };
		0F636B1F637C79FBF0D9A0B5 /* PantryOrderActivityAttributes.swift */ = {isa = PBXFileReference; lastKnownFileType = sourcecode.swift; path = PantryOrderActivityAttributes.swift; sourceTree = "<group>"; };
		11EE67FA6C4AAFEDC7025065 /* ProviderPickerView.swift */ = {isa = PBXFileReference; lastKnownFileType = sourcecode.swift; path = ProviderPickerView.swift; sourceTree = "<group>"; };
		12ABB5F026041A3F9681810A /* DTOs.swift */ = {isa = PBXFileReference; lastKnownFileType = sourcecode.swift; path = DTOs.swift; sourceTree = "<group>"; };
		13534C086D4301F105DE6906 /* ApproveQtySheet.swift */ = {isa = PBXFileReference; lastKnownFileType = sourcecode.swift; path = ApproveQtySheet.swift; sourceTree = "<group>"; };
		156B907B8864A2A94FF7F170 /* Buttons.swift */ = {isa = PBXFileReference; lastKnownFileType = sourcecode.swift; path = Buttons.swift; sourceTree = "<group>"; };
		2037A56DC858D0434BD576C1 /* PantryWidgetExtension.appex */ = {isa = PBXFileReference; includeInIndex = 0; lastKnownFileType = "wrapper.app-extension"; path = PantryWidgetExtension.appex; sourceTree = BUILT_PRODUCTS_DIR; };
		22A73B4A8C19E3F0D6D40299 /* WelcomeView.swift */ = {isa = PBXFileReference; lastKnownFileType = sourcecode.swift; path = WelcomeView.swift; sourceTree = "<group>"; };
		24C0148E7B1F107251B2CC0D /* LiveActivityService.swift */ = {isa = PBXFileReference; lastKnownFileType = sourcecode.swift; path = LiveActivityService.swift; sourceTree = "<group>"; };
		259B027BA5307C2BD1DDA762 /* TrackingView.swift */ = {isa = PBXFileReference; lastKnownFileType = sourcecode.swift; path = TrackingView.swift; sourceTree = "<group>"; };
		282526EB841554BB19F8EE69 /* MatchingView.swift */ = {isa = PBXFileReference; lastKnownFileType = sourcecode.swift; path = MatchingView.swift; sourceTree = "<group>"; };
		2C84817AFC5434D1B6741DF8 /* ApproveMatchSheet.swift */ = {isa = PBXFileReference; lastKnownFileType = sourcecode.swift; path = ApproveMatchSheet.swift; sourceTree = "<group>"; };
		2F1FD9E5E1DFAC8328A83417 /* AuthorizeView.swift */ = {isa = PBXFileReference; lastKnownFileType = sourcecode.swift; path = AuthorizeView.swift; sourceTree = "<group>"; };
		30877DBE1322A7E3DB0F599E /* APIClient.swift */ = {isa = PBXFileReference; lastKnownFileType = sourcecode.swift; path = APIClient.swift; sourceTree = "<group>"; };
		3522B90F9A29BA14E3835491 /* ReviewView.swift */ = {isa = PBXFileReference; lastKnownFileType = sourcecode.swift; path = ReviewView.swift; sourceTree = "<group>"; };
		3C1EEA7DFE1C833E2AF16C96 /* SealMark.swift */ = {isa = PBXFileReference; lastKnownFileType = sourcecode.swift; path = SealMark.swift; sourceTree = "<group>"; };
		3FB4B385072AFE53242321BD /* LiveActivityViews.swift */ = {isa = PBXFileReference; lastKnownFileType = sourcecode.swift; path = LiveActivityViews.swift; sourceTree = "<group>"; };
		41A66E2C38DFCA9FCD105EE1 /* DebugScreenHost.swift */ = {isa = PBXFileReference; lastKnownFileType = sourcecode.swift; path = DebugScreenHost.swift; sourceTree = "<group>"; };
		4C8223DF45EA77BA64DB3782 /* ComingSoonView.swift */ = {isa = PBXFileReference; lastKnownFileType = sourcecode.swift; path = ComingSoonView.swift; sourceTree = "<group>"; };
		5C3F09660E2E68872E1D4D7E /* Enso.swift */ = {isa = PBXFileReference; lastKnownFileType = sourcecode.swift; path = Enso.swift; sourceTree = "<group>"; };
		5CD7463AA1097D504A62D03F /* AppState.swift */ = {isa = PBXFileReference; lastKnownFileType = sourcecode.swift; path = AppState.swift; sourceTree = "<group>"; };
		60D69CB28A36BB94D8E02CA5 /* MainShellView.swift */ = {isa = PBXFileReference; lastKnownFileType = sourcecode.swift; path = MainShellView.swift; sourceTree = "<group>"; };
		699AB133ED912BFB16FBD307 /* NotificationService.swift */ = {isa = PBXFileReference; lastKnownFileType = sourcecode.swift; path = NotificationService.swift; sourceTree = "<group>"; };
		71B06496D2DE199934C38F6F /* PantryWidgetBundle.swift */ = {isa = PBXFileReference; lastKnownFileType = sourcecode.swift; path = PantryWidgetBundle.swift; sourceTree = "<group>"; };
		72DD322D102A09B91FD43269 /* CheckoutView.swift */ = {isa = PBXFileReference; lastKnownFileType = sourcecode.swift; path = CheckoutView.swift; sourceTree = "<group>"; };
		74983103A702E0441CB0E9BE /* ShipporiMincho-Bold.ttf */ = {isa = PBXFileReference; lastKnownFileType = file; path = "ShipporiMincho-Bold.ttf"; sourceTree = "<group>"; };
		7C997FCD040084F10CE25474 /* BottomNavBar.swift */ = {isa = PBXFileReference; lastKnownFileType = sourcecode.swift; path = BottomNavBar.swift; sourceTree = "<group>"; };
		7D3CA39F656387826888A05F /* JetBrainsMono.ttf */ = {isa = PBXFileReference; lastKnownFileType = file; path = JetBrainsMono.ttf; sourceTree = "<group>"; };
		8751AE6FD58E5BF47AFF55A6 /* OnboardingRoute.swift */ = {isa = PBXFileReference; lastKnownFileType = sourcecode.swift; path = OnboardingRoute.swift; sourceTree = "<group>"; };
		8C04434308336A608B904B49 /* ScreenHeader.swift */ = {isa = PBXFileReference; lastKnownFileType = sourcecode.swift; path = ScreenHeader.swift; sourceTree = "<group>"; };
		905F391990E9FA3E8E4CFCC5 /* PantryApp.swift */ = {isa = PBXFileReference; lastKnownFileType = sourcecode.swift; path = PantryApp.swift; sourceTree = "<group>"; };
		93AB7EE7F6B1C144205C3250 /* Info.plist */ = {isa = PBXFileReference; lastKnownFileType = text.plist; path = Info.plist; sourceTree = "<group>"; };
		93FFA258341170DE0824752C /* KeychainTokenStore.swift */ = {isa = PBXFileReference; lastKnownFileType = sourcecode.swift; path = KeychainTokenStore.swift; sourceTree = "<group>"; };
		961059FF06D7D198F4E9521F /* Info.plist */ = {isa = PBXFileReference; lastKnownFileType = text.plist; path = Info.plist; sourceTree = "<group>"; };
		98AC00CD545B5D8E00E85AAB /* HomeView.swift */ = {isa = PBXFileReference; lastKnownFileType = sourcecode.swift; path = HomeView.swift; sourceTree = "<group>"; };
		998BE009D9FF60DCBE2EF519 /* ViewModifiers.swift */ = {isa = PBXFileReference; lastKnownFileType = sourcecode.swift; path = ViewModifiers.swift; sourceTree = "<group>"; };
		9C787F50739FDBFE9B47CBF3 /* NameView.swift */ = {isa = PBXFileReference; lastKnownFileType = sourcecode.swift; path = NameView.swift; sourceTree = "<group>"; };
		A9C2E3CE565DAC0675A28BBC /* PasteView.swift */ = {isa = PBXFileReference; lastKnownFileType = sourcecode.swift; path = PasteView.swift; sourceTree = "<group>"; };
		BAA9DBCB912A286F9F0C50A4 /* OtpView.swift */ = {isa = PBXFileReference; lastKnownFileType = sourcecode.swift; path = OtpView.swift; sourceTree = "<group>"; };
		BDFDA7063513AAD9EFC046DE /* AddressView.swift */ = {isa = PBXFileReference; lastKnownFileType = sourcecode.swift; path = AddressView.swift; sourceTree = "<group>"; };
		BF76B140855472DE441F7814 /* Theme.swift */ = {isa = PBXFileReference; lastKnownFileType = sourcecode.swift; path = Theme.swift; sourceTree = "<group>"; };
		C3BEF23AF51A337BB9C03FDC /* ConnectedView.swift */ = {isa = PBXFileReference; lastKnownFileType = sourcecode.swift; path = ConnectedView.swift; sourceTree = "<group>"; };
		C7D11B5CCC58CCD670B3AE48 /* CachedOrder.swift */ = {isa = PBXFileReference; lastKnownFileType = sourcecode.swift; path = CachedOrder.swift; sourceTree = "<group>"; };
		D7137AFC04D7CA775CE75971 /* Pantry.app */ = {isa = PBXFileReference; includeInIndex = 0; lastKnownFileType = wrapper.application; path = Pantry.app; sourceTree = BUILT_PRODUCTS_DIR; };
		D912A37386071C23F72EA49A /* AppRoute.swift */ = {isa = PBXFileReference; lastKnownFileType = sourcecode.swift; path = AppRoute.swift; sourceTree = "<group>"; };
		DAC9B7EC5D6A54F9457EF746 /* ShareSheet.swift */ = {isa = PBXFileReference; lastKnownFileType = sourcecode.swift; path = ShareSheet.swift; sourceTree = "<group>"; };
		DF4AD7DB888BB762FF08F13F /* PlacedView.swift */ = {isa = PBXFileReference; lastKnownFileType = sourcecode.swift; path = PlacedView.swift; sourceTree = "<group>"; };
		E7F5DA9D69F6E6A359CFDA99 /* Typography.swift */ = {isa = PBXFileReference; lastKnownFileType = sourcecode.swift; path = Typography.swift; sourceTree = "<group>"; };
		EB6A5E92D4F78ED875ACE158 /* AppDelegate.swift */ = {isa = PBXFileReference; lastKnownFileType = sourcecode.swift; path = AppDelegate.swift; sourceTree = "<group>"; };
		F601FFA8D1BFC78A972D63EA /* Extensions.swift */ = {isa = PBXFileReference; lastKnownFileType = sourcecode.swift; path = Extensions.swift; sourceTree = "<group>"; };
/* End PBXFileReference section */

/* Begin PBXGroup section */
		255157D25BBD302A67EACB0B /* Models */ = {
			isa = PBXGroup;
			children = (
				C7D11B5CCC58CCD670B3AE48 /* CachedOrder.swift */,
				12ABB5F026041A3F9681810A /* DTOs.swift */,
			);
			path = Models;
			sourceTree = "<group>";
		};
		2BA0C383A44F56A89AC035FA /* App */ = {
			isa = PBXGroup;
			children = (
				EB6A5E92D4F78ED875ACE158 /* AppDelegate.swift */,
				5CD7463AA1097D504A62D03F /* AppState.swift */,
				F601FFA8D1BFC78A972D63EA /* Extensions.swift */,
				905F391990E9FA3E8E4CFCC5 /* PantryApp.swift */,
			);
			path = App;
			sourceTree = "<group>";
		};
		3930EC6AF828CA963319B7E5 /* Views */ = {
			isa = PBXGroup;
			children = (
				4C8223DF45EA77BA64DB3782 /* ComingSoonView.swift */,
				41A66E2C38DFCA9FCD105EE1 /* DebugScreenHost.swift */,
				0AB9FDC446082DDBF0BD04A5 /* RootView.swift */,
				A336F67709FA5AE18E299170 /* Address */,
				DB0FC40045CACA944162A7D2 /* Approvals */,
				F7B169AF25C91E9FB5D0EE7E /* Checkout */,
				477A383765835AB51BFB8345 /* List */,
				CC701C46B1051DF983828172 /* Main */,
				EAE1E999DA262502AFE71BDE /* Onboarding */,
				5BD1228E49DF0F2E106672AE /* Provider */,
				E700D110C7066750D7E3A971 /* Tracking */,
			);
			path = Views;
			sourceTree = "<group>";
		};
		3DF3052F1C3102A74B5B1047 /* Fonts */ = {
			isa = PBXGroup;
			children = (
				7D3CA39F656387826888A05F /* JetBrainsMono.ttf */,
				74983103A702E0441CB0E9BE /* ShipporiMincho-Bold.ttf */,
			);
			path = Fonts;
			sourceTree = "<group>";
		};
		477A383765835AB51BFB8345 /* List */ = {
			isa = PBXGroup;
			children = (
				282526EB841554BB19F8EE69 /* MatchingView.swift */,
				A9C2E3CE565DAC0675A28BBC /* PasteView.swift */,
				3522B90F9A29BA14E3835491 /* ReviewView.swift */,
			);
			path = List;
			sourceTree = "<group>";
		};
		52243B73C3D48F83581DD8AF /* Pantry */ = {
			isa = PBXGroup;
			children = (
				2BA0C383A44F56A89AC035FA /* App */,
				F84E002C74796A20DC327187 /* DesignSystem */,
				255157D25BBD302A67EACB0B /* Models */,
				A00AA9DAA3EECAAFDFAADC14 /* Resources */,
				FF2140EB7D6B4E539B226829 /* Services */,
				3930EC6AF828CA963319B7E5 /* Views */,
			);
			path = Pantry;
			sourceTree = "<group>";
		};
		5BD1228E49DF0F2E106672AE /* Provider */ = {
			isa = PBXGroup;
			children = (
				2F1FD9E5E1DFAC8328A83417 /* AuthorizeView.swift */,
				C3BEF23AF51A337BB9C03FDC /* ConnectedView.swift */,
				11EE67FA6C4AAFEDC7025065 /* ProviderPickerView.swift */,
			);
			path = Provider;
			sourceTree = "<group>";
		};
		A00AA9DAA3EECAAFDFAADC14 /* Resources */ = {
			isa = PBXGroup;
			children = (
				961059FF06D7D198F4E9521F /* Info.plist */,
				3DF3052F1C3102A74B5B1047 /* Fonts */,
			);
			path = Resources;
			sourceTree = "<group>";
		};
		A336F67709FA5AE18E299170 /* Address */ = {
			isa = PBXGroup;
			children = (
				BDFDA7063513AAD9EFC046DE /* AddressView.swift */,
			);
			path = Address;
			sourceTree = "<group>";
		};
		CC701C46B1051DF983828172 /* Main */ = {
			isa = PBXGroup;
			children = (
				D912A37386071C23F72EA49A /* AppRoute.swift */,
				98AC00CD545B5D8E00E85AAB /* HomeView.swift */,
				60D69CB28A36BB94D8E02CA5 /* MainShellView.swift */,
			);
			path = Main;
			sourceTree = "<group>";
		};
		D3593FFFD8D1F324BCC47AB0 /* Shared */ = {
			isa = PBXGroup;
			children = (
				0F636B1F637C79FBF0D9A0B5 /* PantryOrderActivityAttributes.swift */,
			);
			path = Shared;
			sourceTree = "<group>";
		};
		D9EF23D217CBD63DEBC41213 = {
			isa = PBXGroup;
			children = (
				52243B73C3D48F83581DD8AF /* Pantry */,
				FFF1C1F01D398FBCF7A01F36 /* PantryWidget */,
				D3593FFFD8D1F324BCC47AB0 /* Shared */,
				EC9A88BF9C855EDCAF0AE4CF /* Products */,
			);
			sourceTree = "<group>";
		};
		DB0FC40045CACA944162A7D2 /* Approvals */ = {
			isa = PBXGroup;
			children = (
				0A6927DDE5C226C0A1AF178D /* ApprovalsCoordinatorView.swift */,
				2C84817AFC5434D1B6741DF8 /* ApproveMatchSheet.swift */,
				13534C086D4301F105DE6906 /* ApproveQtySheet.swift */,
			);
			path = Approvals;
			sourceTree = "<group>";
		};
		E700D110C7066750D7E3A971 /* Tracking */ = {
			isa = PBXGroup;
			children = (
				259B027BA5307C2BD1DDA762 /* TrackingView.swift */,
			);
			path = Tracking;
			sourceTree = "<group>";
		};
		EAE1E999DA262502AFE71BDE /* Onboarding */ = {
			isa = PBXGroup;
			children = (
				9C787F50739FDBFE9B47CBF3 /* NameView.swift */,
				8751AE6FD58E5BF47AFF55A6 /* OnboardingRoute.swift */,
				BAA9DBCB912A286F9F0C50A4 /* OtpView.swift */,
				099C62359B10A80A6CF2E72D /* PhoneView.swift */,
				22A73B4A8C19E3F0D6D40299 /* WelcomeView.swift */,
			);
			path = Onboarding;
			sourceTree = "<group>";
		};
		EC9A88BF9C855EDCAF0AE4CF /* Products */ = {
			isa = PBXGroup;
			children = (
				D7137AFC04D7CA775CE75971 /* Pantry.app */,
				2037A56DC858D0434BD576C1 /* PantryWidgetExtension.appex */,
			);
			name = Products;
			sourceTree = "<group>";
		};
		F7B169AF25C91E9FB5D0EE7E /* Checkout */ = {
			isa = PBXGroup;
			children = (
				72DD322D102A09B91FD43269 /* CheckoutView.swift */,
				DF4AD7DB888BB762FF08F13F /* PlacedView.swift */,
			);
			path = Checkout;
			sourceTree = "<group>";
		};
		F84E002C74796A20DC327187 /* DesignSystem */ = {
			isa = PBXGroup;
			children = (
				7C997FCD040084F10CE25474 /* BottomNavBar.swift */,
				156B907B8864A2A94FF7F170 /* Buttons.swift */,
				5C3F09660E2E68872E1D4D7E /* Enso.swift */,
				8C04434308336A608B904B49 /* ScreenHeader.swift */,
				3C1EEA7DFE1C833E2AF16C96 /* SealMark.swift */,
				DAC9B7EC5D6A54F9457EF746 /* ShareSheet.swift */,
				BF76B140855472DE441F7814 /* Theme.swift */,
				E7F5DA9D69F6E6A359CFDA99 /* Typography.swift */,
				998BE009D9FF60DCBE2EF519 /* ViewModifiers.swift */,
			);
			path = DesignSystem;
			sourceTree = "<group>";
		};
		FF2140EB7D6B4E539B226829 /* Services */ = {
			isa = PBXGroup;
			children = (
				30877DBE1322A7E3DB0F599E /* APIClient.swift */,
				93FFA258341170DE0824752C /* KeychainTokenStore.swift */,
				24C0148E7B1F107251B2CC0D /* LiveActivityService.swift */,
				699AB133ED912BFB16FBD307 /* NotificationService.swift */,
			);
			path = Services;
			sourceTree = "<group>";
		};
		FFF1C1F01D398FBCF7A01F36 /* PantryWidget */ = {
			isa = PBXGroup;
			children = (
				93AB7EE7F6B1C144205C3250 /* Info.plist */,
				3FB4B385072AFE53242321BD /* LiveActivityViews.swift */,
				71B06496D2DE199934C38F6F /* PantryWidgetBundle.swift */,
			);
			path = PantryWidget;
			sourceTree = "<group>";
		};
/* End PBXGroup section */

/* Begin PBXNativeTarget section */
		A96324C026C10C1D1AB37CFC /* Pantry */ = {
			isa = PBXNativeTarget;
			buildConfigurationList = 4291C4922806732AA25A0B35 /* Build configuration list for PBXNativeTarget "Pantry" */;
			buildPhases = (
				8B85B2D7EE137B2A6B023CDE /* Sources */,
				336EA2C9A1444D25E48C1F63 /* Resources */,
				267746870DEB425B8E2E7D44 /* Embed Foundation Extensions */,
			);
			buildRules = (
			);
			dependencies = (
				05F506AFB4F29D5DD5DEBBEC /* PBXTargetDependency */,
			);
			name = Pantry;
			packageProductDependencies = (
			);
			productName = Pantry;
			productReference = D7137AFC04D7CA775CE75971 /* Pantry.app */;
			productType = "com.apple.product-type.application";
		};
		BAA17278B0885BB3EDE48082 /* PantryWidgetExtension */ = {
			isa = PBXNativeTarget;
			buildConfigurationList = 9C6F67B1D17F80DB1BFC9683 /* Build configuration list for PBXNativeTarget "PantryWidgetExtension" */;
			buildPhases = (
				B6542E2AC81EB9642FD7ECE5 /* Sources */,
				437909B208866031DF9BED56 /* Resources */,
			);
			buildRules = (
			);
			dependencies = (
			);
			name = PantryWidgetExtension;
			packageProductDependencies = (
			);
			productName = PantryWidgetExtension;
			productReference = 2037A56DC858D0434BD576C1 /* PantryWidgetExtension.appex */;
			productType = "com.apple.product-type.app-extension";
		};
/* End PBXNativeTarget section */

/* Begin PBXProject section */
		48EA39FB0CF9C32C2C053C88 /* Project object */ = {
			isa = PBXProject;
			attributes = {
				BuildIndependentTargetsInParallel = YES;
				LastUpgradeCheck = 1430;
				TargetAttributes = {
				};
			};
			buildConfigurationList = 2AD7183489AD11809016CA50 /* Build configuration list for PBXProject "Pantry" */;
			developmentRegion = en;
			hasScannedForEncodings = 0;
			knownRegions = (
				Base,
				en,
			);
			mainGroup = D9EF23D217CBD63DEBC41213;
			minimizedProjectReferenceProxies = 1;
			preferredProjectObjectVersion = 77;
			productRefGroup = EC9A88BF9C855EDCAF0AE4CF /* Products */;
			projectDirPath = "";
			projectRoot = "";
			targets = (
				A96324C026C10C1D1AB37CFC /* Pantry */,
				BAA17278B0885BB3EDE48082 /* PantryWidgetExtension */,
			);
		};
/* End PBXProject section */

/* Begin PBXResourcesBuildPhase section */
		336EA2C9A1444D25E48C1F63 /* Resources */ = {
			isa = PBXResourcesBuildPhase;
			buildActionMask = 2147483647;
			files = (
				D045E657463EFD49E14B112D /* JetBrainsMono.ttf in Resources */,
				F752BE318627AF6AEBF9B55A /* ShipporiMincho-Bold.ttf in Resources */,
			);
			runOnlyForDeploymentPostprocessing = 0;
		};
		437909B208866031DF9BED56 /* Resources */ = {
			isa = PBXResourcesBuildPhase;
			buildActionMask = 2147483647;
			files = (
				D9A131ED229DED15BC3688D8 /* JetBrainsMono.ttf in Resources */,
				EF9D45AAD5BD2A68DE0130C3 /* ShipporiMincho-Bold.ttf in Resources */,
			);
			runOnlyForDeploymentPostprocessing = 0;
		};
/* End PBXResourcesBuildPhase section */

/* Begin PBXSourcesBuildPhase section */
		8B85B2D7EE137B2A6B023CDE /* Sources */ = {
			isa = PBXSourcesBuildPhase;
			buildActionMask = 2147483647;
			files = (
				18D5EB9FB0B7F6F33075C874 /* APIClient.swift in Sources */,
				2970320D6383DEBD774DAEA9 /* AddressView.swift in Sources */,
				89B3881D2D166663BA9D8C96 /* AppDelegate.swift in Sources */,
				11306F37F1FE0D6654D1CA94 /* AppRoute.swift in Sources */,
				2BC998DD089216FE272ED94B /* AppState.swift in Sources */,
				B599800E19B25119931AA1AC /* ApprovalsCoordinatorView.swift in Sources */,
				55DDB1540A39C1F39007A4DC /* ApproveMatchSheet.swift in Sources */,
				3DC76ED1ECF75FF9867C0CC1 /* ApproveQtySheet.swift in Sources */,
				3AD4538DA48502653EF702FA /* AuthorizeView.swift in Sources */,
				AE268DE119B479EFA7568ECF /* BottomNavBar.swift in Sources */,
				AE07684106195F7AAC40E3A3 /* Buttons.swift in Sources */,
				2769A9767499E1614A44B2E0 /* CachedOrder.swift in Sources */,
				D230DD367615972DFB6BD689 /* CheckoutView.swift in Sources */,
				6665D094D8D2C53A212F481F /* ComingSoonView.swift in Sources */,
				EF4CD38044603B7CA582DED0 /* ConnectedView.swift in Sources */,
				19CE1734DBA0368ADF911906 /* DTOs.swift in Sources */,
				295E4F14502408F4A56B770F /* DebugScreenHost.swift in Sources */,
				2A3C0CCEB2FC3BF9CD87E512 /* Enso.swift in Sources */,
				988CA2BBCC64F981610CBC2D /* Extensions.swift in Sources */,
				76494278106DB0D1D9E7DE3D /* HomeView.swift in Sources */,
				D96C7CF2E3D168E86FC26385 /* KeychainTokenStore.swift in Sources */,
				ACC07D41A314D02C448FEB51 /* LiveActivityService.swift in Sources */,
				EF732B86941A424920EC5D4A /* MainShellView.swift in Sources */,
				5EF13BA66FC85E536B0AE110 /* MatchingView.swift in Sources */,
				7C5F3855B8F2C11127BC8980 /* NameView.swift in Sources */,
				4EBCDCD28DCC5822005A4406 /* NotificationService.swift in Sources */,
				21E2C38308B9D5661D658DDE /* OnboardingRoute.swift in Sources */,
				CB1E485FCC6F0A0B3486D0EB /* OtpView.swift in Sources */,
				E288593D78D80148DF43D68F /* PantryApp.swift in Sources */,
				B78F1B18BFE7B0D54FE8A0FC /* PantryOrderActivityAttributes.swift in Sources */,
				D17B43D3EDB33DDAB276B550 /* PasteView.swift in Sources */,
				4392C2680E146DC8D06F9126 /* PhoneView.swift in Sources */,
				561448C3D4BAB2903BC2D4C2 /* PlacedView.swift in Sources */,
				9B6D95098060DDBDCF1EC77C /* ProviderPickerView.swift in Sources */,
				264C61DBCF3DC163D101F10D /* ReviewView.swift in Sources */,
				FE79B1BD2B82F9A3CF844223 /* RootView.swift in Sources */,
				A8A0965EC48161C91018351E /* ScreenHeader.swift in Sources */,
				6C411E3E759C7559AC3F20F0 /* SealMark.swift in Sources */,
				82990DEC5A9A3C39CA1053A5 /* ShareSheet.swift in Sources */,
				28AE907F40E275E52ECD785E /* Theme.swift in Sources */,
				F6CCDBBC88E61EB4E3DD9AC1 /* TrackingView.swift in Sources */,
				24FCE0FDBA4F021DCC04647C /* Typography.swift in Sources */,
				43F18BB383F72C5117DCDB7B /* ViewModifiers.swift in Sources */,
				798B71D31450132F8BD93B65 /* WelcomeView.swift in Sources */,
			);
			runOnlyForDeploymentPostprocessing = 0;
		};
		B6542E2AC81EB9642FD7ECE5 /* Sources */ = {
			isa = PBXSourcesBuildPhase;
			buildActionMask = 2147483647;
			files = (
				379B6FE46E2D27F2CE76A7DF /* BottomNavBar.swift in Sources */,
				3CD931E0DD366A1F8ACC5963 /* Buttons.swift in Sources */,
				79269DF8ACEBB22E6C97C347 /* Enso.swift in Sources */,
				40453FA29DDA23E5C3F0D98B /* LiveActivityViews.swift in Sources */,
				C45D2E6A597477310134BAE5 /* PantryOrderActivityAttributes.swift in Sources */,
				0CDA53E7244290C4458DE150 /* PantryWidgetBundle.swift in Sources */,
				F7CC82B5C6F79B168EAD6D43 /* ScreenHeader.swift in Sources */,
				4B5C8449C167F5BE4875B02E /* SealMark.swift in Sources */,
				24C73EE48F7FC2B040BC6DE7 /* ShareSheet.swift in Sources */,
				8D3C9926218918B147C87157 /* Theme.swift in Sources */,
				A68BC49B45E073D5DFF708AA /* Typography.swift in Sources */,
				7D641A72B7E326E2C3D70DB8 /* ViewModifiers.swift in Sources */,
			);
			runOnlyForDeploymentPostprocessing = 0;
		};
/* End PBXSourcesBuildPhase section */

/* Begin PBXTargetDependency section */
		05F506AFB4F29D5DD5DEBBEC /* PBXTargetDependency */ = {
			isa = PBXTargetDependency;
			target = BAA17278B0885BB3EDE48082 /* PantryWidgetExtension */;
			targetProxy = 8B1C99A3930D0DC79B7B045C /* PBXContainerItemProxy */;
		};
/* End PBXTargetDependency section */

/* Begin XCBuildConfiguration section */
		0456F1AAE107EE978820AE46 /* Release */ = {
			isa = XCBuildConfiguration;
			buildSettings = {
				CURRENT_PROJECT_VERSION = 1;
				INFOPLIST_FILE = PantryWidget/Info.plist;
				IPHONEOS_DEPLOYMENT_TARGET = 17.0;
				LD_RUNPATH_SEARCH_PATHS = (
					"$(inherited)",
					"@executable_path/Frameworks",
					"@executable_path/../../Frameworks",
				);
				MARKETING_VERSION = 1.0;
				PRODUCT_BUNDLE_IDENTIFIER = com.motherspantry.app.PantryWidget;
				SDKROOT = iphoneos;
				SKIP_INSTALL = YES;
				TARGETED_DEVICE_FAMILY = 1;
			};
			name = Release;
		};
		9626C4D8440487ACD2498A0C /* Release */ = {
			isa = XCBuildConfiguration;
			buildSettings = {
				ALWAYS_SEARCH_USER_PATHS = NO;
				ASSETCATALOG_COMPILER_GENERATE_ASSET_SYMBOLS = NO;
				CLANG_ANALYZER_NONNULL = YES;
				CLANG_ANALYZER_NUMBER_OBJECT_CONVERSION = YES_AGGRESSIVE;
				CLANG_CXX_LANGUAGE_STANDARD = "gnu++14";
				CLANG_CXX_LIBRARY = "libc++";
				CLANG_ENABLE_MODULES = YES;
				CLANG_ENABLE_OBJC_ARC = YES;
				CLANG_ENABLE_OBJC_WEAK = YES;
				CLANG_WARN_BLOCK_CAPTURE_AUTORELEASING = YES;
				CLANG_WARN_BOOL_CONVERSION = YES;
				CLANG_WARN_COMMA = YES;
				CLANG_WARN_CONSTANT_CONVERSION = YES;
				CLANG_WARN_DEPRECATED_OBJC_IMPLEMENTATIONS = YES;
				CLANG_WARN_DIRECT_OBJC_ISA_USAGE = YES_ERROR;
				CLANG_WARN_DOCUMENTATION_COMMENTS = YES;
				CLANG_WARN_EMPTY_BODY = YES;
				CLANG_WARN_ENUM_CONVERSION = YES;
				CLANG_WARN_INFINITE_RECURSION = YES;
				CLANG_WARN_INT_CONVERSION = YES;
				CLANG_WARN_NON_LITERAL_NULL_CONVERSION = YES;
				CLANG_WARN_OBJC_IMPLICIT_RETAIN_SELF = YES;
				CLANG_WARN_OBJC_LITERAL_CONVERSION = YES;
				CLANG_WARN_OBJC_ROOT_CLASS = YES_ERROR;
				CLANG_WARN_QUOTED_INCLUDE_IN_FRAMEWORK_HEADER = YES;
				CLANG_WARN_RANGE_LOOP_ANALYSIS = YES;
				CLANG_WARN_STRICT_PROTOTYPES = YES;
				CLANG_WARN_SUSPICIOUS_MOVE = YES;
				CLANG_WARN_UNGUARDED_AVAILABILITY = YES_AGGRESSIVE;
				CLANG_WARN_UNREACHABLE_CODE = YES;
				CLANG_WARN__DUPLICATE_METHOD_MATCH = YES;
				COPY_PHASE_STRIP = NO;
				DEBUG_INFORMATION_FORMAT = "dwarf-with-dsym";
				ENABLE_NS_ASSERTIONS = NO;
				ENABLE_PREVIEWS = YES;
				ENABLE_STRICT_OBJC_MSGSEND = YES;
				GCC_C_LANGUAGE_STANDARD = gnu11;
				GCC_NO_COMMON_BLOCKS = YES;
				GCC_WARN_64_TO_32_BIT_CONVERSION = YES;
				GCC_WARN_ABOUT_RETURN_TYPE = YES_ERROR;
				GCC_WARN_UNDECLARED_SELECTOR = YES;
				GCC_WARN_UNINITIALIZED_AUTOS = YES_AGGRESSIVE;
				GCC_WARN_UNUSED_FUNCTION = YES;
				GCC_WARN_UNUSED_VARIABLE = YES;
				IPHONEOS_DEPLOYMENT_TARGET = 17.0;
				MTL_ENABLE_DEBUG_INFO = NO;
				MTL_FAST_MATH = YES;
				PRODUCT_NAME = "$(TARGET_NAME)";
				SDKROOT = iphoneos;
				SWIFT_COMPILATION_MODE = wholemodule;
				SWIFT_OPTIMIZATION_LEVEL = "-O";
				SWIFT_VERSION = 5.1;
			};
			name = Release;
		};
		AC211CB12B31DA5D876B86AA /* Debug */ = {
			isa = XCBuildConfiguration;
			buildSettings = {
				ASSETCATALOG_COMPILER_APPICON_NAME = AppIcon;
				CODE_SIGN_IDENTITY = "iPhone Developer";
				CURRENT_PROJECT_VERSION = 1;
				INFOPLIST_FILE = Pantry/Resources/Info.plist;
				IPHONEOS_DEPLOYMENT_TARGET = 17.0;
				LD_RUNPATH_SEARCH_PATHS = (
					"$(inherited)",
					"@executable_path/Frameworks",
				);
				MARKETING_VERSION = 1.0;
				PRODUCT_BUNDLE_IDENTIFIER = com.motherspantry.app;
				SDKROOT = iphoneos;
				TARGETED_DEVICE_FAMILY = 1;
			};
			name = Debug;
		};
		BCB9797F6F6BD37A662502F2 /* Debug */ = {
			isa = XCBuildConfiguration;
			buildSettings = {
				CURRENT_PROJECT_VERSION = 1;
				INFOPLIST_FILE = PantryWidget/Info.plist;
				IPHONEOS_DEPLOYMENT_TARGET = 17.0;
				LD_RUNPATH_SEARCH_PATHS = (
					"$(inherited)",
					"@executable_path/Frameworks",
					"@executable_path/../../Frameworks",
				);
				MARKETING_VERSION = 1.0;
				PRODUCT_BUNDLE_IDENTIFIER = com.motherspantry.app.PantryWidget;
				SDKROOT = iphoneos;
				SKIP_INSTALL = YES;
				TARGETED_DEVICE_FAMILY = 1;
			};
			name = Debug;
		};
		C59B1FDE13C4E8B7D771062D /* Debug */ = {
			isa = XCBuildConfiguration;
			buildSettings = {
				ALWAYS_SEARCH_USER_PATHS = NO;
				ASSETCATALOG_COMPILER_GENERATE_ASSET_SYMBOLS = NO;
				CLANG_ANALYZER_NONNULL = YES;
				CLANG_ANALYZER_NUMBER_OBJECT_CONVERSION = YES_AGGRESSIVE;
				CLANG_CXX_LANGUAGE_STANDARD = "gnu++14";
				CLANG_CXX_LIBRARY = "libc++";
				CLANG_ENABLE_MODULES = YES;
				CLANG_ENABLE_OBJC_ARC = YES;
				CLANG_ENABLE_OBJC_WEAK = YES;
				CLANG_WARN_BLOCK_CAPTURE_AUTORELEASING = YES;
				CLANG_WARN_BOOL_CONVERSION = YES;
				CLANG_WARN_COMMA = YES;
				CLANG_WARN_CONSTANT_CONVERSION = YES;
				CLANG_WARN_DEPRECATED_OBJC_IMPLEMENTATIONS = YES;
				CLANG_WARN_DIRECT_OBJC_ISA_USAGE = YES_ERROR;
				CLANG_WARN_DOCUMENTATION_COMMENTS = YES;
				CLANG_WARN_EMPTY_BODY = YES;
				CLANG_WARN_ENUM_CONVERSION = YES;
				CLANG_WARN_INFINITE_RECURSION = YES;
				CLANG_WARN_INT_CONVERSION = YES;
				CLANG_WARN_NON_LITERAL_NULL_CONVERSION = YES;
				CLANG_WARN_OBJC_IMPLICIT_RETAIN_SELF = YES;
				CLANG_WARN_OBJC_LITERAL_CONVERSION = YES;
				CLANG_WARN_OBJC_ROOT_CLASS = YES_ERROR;
				CLANG_WARN_QUOTED_INCLUDE_IN_FRAMEWORK_HEADER = YES;
				CLANG_WARN_RANGE_LOOP_ANALYSIS = YES;
				CLANG_WARN_STRICT_PROTOTYPES = YES;
				CLANG_WARN_SUSPICIOUS_MOVE = YES;
				CLANG_WARN_UNGUARDED_AVAILABILITY = YES_AGGRESSIVE;
				CLANG_WARN_UNREACHABLE_CODE = YES;
				CLANG_WARN__DUPLICATE_METHOD_MATCH = YES;
				COPY_PHASE_STRIP = NO;
				DEBUG_INFORMATION_FORMAT = dwarf;
				ENABLE_PREVIEWS = YES;
				ENABLE_STRICT_OBJC_MSGSEND = YES;
				ENABLE_TESTABILITY = YES;
				GCC_C_LANGUAGE_STANDARD = gnu11;
				GCC_DYNAMIC_NO_PIC = NO;
				GCC_NO_COMMON_BLOCKS = YES;
				GCC_OPTIMIZATION_LEVEL = 0;
				GCC_PREPROCESSOR_DEFINITIONS = (
					"$(inherited)",
					"DEBUG=1",
				);
				GCC_WARN_64_TO_32_BIT_CONVERSION = YES;
				GCC_WARN_ABOUT_RETURN_TYPE = YES_ERROR;
				GCC_WARN_UNDECLARED_SELECTOR = YES;
				GCC_WARN_UNINITIALIZED_AUTOS = YES_AGGRESSIVE;
				GCC_WARN_UNUSED_FUNCTION = YES;
				GCC_WARN_UNUSED_VARIABLE = YES;
				IPHONEOS_DEPLOYMENT_TARGET = 17.0;
				MTL_ENABLE_DEBUG_INFO = INCLUDE_SOURCE;
				MTL_FAST_MATH = YES;
				ONLY_ACTIVE_ARCH = YES;
				PRODUCT_NAME = "$(TARGET_NAME)";
				SDKROOT = iphoneos;
				SWIFT_ACTIVE_COMPILATION_CONDITIONS = DEBUG;
				SWIFT_OPTIMIZATION_LEVEL = "-Onone";
				SWIFT_VERSION = 5.1;
			};
			name = Debug;
		};
		C5F506B71AF2701DE873BF68 /* Release */ = {
			isa = XCBuildConfiguration;
			buildSettings = {
				ASSETCATALOG_COMPILER_APPICON_NAME = AppIcon;
				CODE_SIGN_IDENTITY = "iPhone Developer";
				CURRENT_PROJECT_VERSION = 1;
				INFOPLIST_FILE = Pantry/Resources/Info.plist;
				IPHONEOS_DEPLOYMENT_TARGET = 17.0;
				LD_RUNPATH_SEARCH_PATHS = (
					"$(inherited)",
					"@executable_path/Frameworks",
				);
				MARKETING_VERSION = 1.0;
				PRODUCT_BUNDLE_IDENTIFIER = com.motherspantry.app;
				SDKROOT = iphoneos;
				TARGETED_DEVICE_FAMILY = 1;
			};
			name = Release;
		};
/* End XCBuildConfiguration section */

/* Begin XCConfigurationList section */
		2AD7183489AD11809016CA50 /* Build configuration list for PBXProject "Pantry" */ = {
			isa = XCConfigurationList;
			buildConfigurations = (
				C59B1FDE13C4E8B7D771062D /* Debug */,
				9626C4D8440487ACD2498A0C /* Release */,
			);
			defaultConfigurationIsVisible = 0;
			defaultConfigurationName = Debug;
		};
		4291C4922806732AA25A0B35 /* Build configuration list for PBXNativeTarget "Pantry" */ = {
			isa = XCConfigurationList;
			buildConfigurations = (
				AC211CB12B31DA5D876B86AA /* Debug */,
				C5F506B71AF2701DE873BF68 /* Release */,
			);
			defaultConfigurationIsVisible = 0;
			defaultConfigurationName = Debug;
		};
		9C6F67B1D17F80DB1BFC9683 /* Build configuration list for PBXNativeTarget "PantryWidgetExtension" */ = {
			isa = XCConfigurationList;
			buildConfigurations = (
				BCB9797F6F6BD37A662502F2 /* Debug */,
				0456F1AAE107EE978820AE46 /* Release */,
			);
			defaultConfigurationIsVisible = 0;
			defaultConfigurationName = Debug;
		};
/* End XCConfigurationList section */
	};
	rootObject = 48EA39FB0CF9C32C2C053C88 /* Project object */;
}
